// !$*UTF8*$!
{
	archiveVersion = 1;
	classes = {
	};
	objectVersion = 55;
	objects = {

/* Begin PBXBuildFile section */
		E21182FF2858D78D006271EF /* ExerciseInfoTests.swift in Sources */ = {isa = PBXBuildFile; fileRef = E21182FE2858D78D006271EF /* ExerciseInfoTests.swift */; };
		E2CBF9A12856351600157536 /* ExerciseInfo+Resource.swift in Sources */ = {isa = PBXBuildFile; fileRef = E2CBF9A02856351600157536 /* ExerciseInfo+Resource.swift */; };
		E2CBF9A3285636FF00157536 /* InfoViewModel.swift in Sources */ = {isa = PBXBuildFile; fileRef = E2CBF9A2285636FF00157536 /* InfoViewModel.swift */; };
		E2CBF9A528564D8000157536 /* ExerciseInfoVariationsTableViewCell.swift in Sources */ = {isa = PBXBuildFile; fileRef = E2CBF9A428564D8000157536 /* ExerciseInfoVariationsTableViewCell.swift */; };
		E2CBF9A728565AE400157536 /* ExerciseInfoTextCollectionViewCell.swift in Sources */ = {isa = PBXBuildFile; fileRef = E2CBF9A628565AE400157536 /* ExerciseInfoTextCollectionViewCell.swift */; };
		E2CE012F28578630003C626E /* ExerciseInfoFlowCoordinator.swift in Sources */ = {isa = PBXBuildFile; fileRef = E2CE012E28578630003C626E /* ExerciseInfoFlowCoordinator.swift */; };
		E2CE013128578693003C626E /* ExerciseInfloFlowCoordinatorDependencyProvider.swift in Sources */ = {isa = PBXBuildFile; fileRef = E2CE013028578693003C626E /* ExerciseInfloFlowCoordinatorDependencyProvider.swift */; };
		E2CE01382857B20B003C626E /* ImageCache.swift in Sources */ = {isa = PBXBuildFile; fileRef = E2CE01372857B20B003C626E /* ImageCache.swift */; };
		E2DB1E882854DB8B0057432A /* AppDelegate.swift in Sources */ = {isa = PBXBuildFile; fileRef = E2DB1E872854DB8B0057432A /* AppDelegate.swift */; };
		E2DB1E8A2854DB8B0057432A /* SceneDelegate.swift in Sources */ = {isa = PBXBuildFile; fileRef = E2DB1E892854DB8B0057432A /* SceneDelegate.swift */; };
		E2DB1E912854DB8C0057432A /* Assets.xcassets in Resources */ = {isa = PBXBuildFile; fileRef = E2DB1E902854DB8C0057432A /* Assets.xcassets */; };
		E2DB1E942854DB8C0057432A /* LaunchScreen.storyboard in Resources */ = {isa = PBXBuildFile; fileRef = E2DB1E922854DB8C0057432A /* LaunchScreen.storyboard */; };
		E2DB1EA22854DD1A0057432A /* NetworkServiceType.swift in Sources */ = {isa = PBXBuildFile; fileRef = E2DB1E9F2854DD1A0057432A /* NetworkServiceType.swift */; };
		E2DB1EA32854DD1A0057432A /* NetworkService.swift in Sources */ = {isa = PBXBuildFile; fileRef = E2DB1EA02854DD1A0057432A /* NetworkService.swift */; };
		E2DB1EA42854DD1A0057432A /* Resource.swift in Sources */ = {isa = PBXBuildFile; fileRef = E2DB1EA12854DD1A0057432A /* Resource.swift */; };
		E2DB1EA62854DF0B0057432A /* Publisher+Extension.swift in Sources */ = {isa = PBXBuildFile; fileRef = E2DB1EA52854DF0B0057432A /* Publisher+Extension.swift */; };
		E2DB1EAA2854DF8A0057432A /* ViewCode.swift in Sources */ = {isa = PBXBuildFile; fileRef = E2DB1EA92854DF8A0057432A /* ViewCode.swift */; };
		E2DB1EBA2854E2770057432A /* ApplicationFlowCoordinator.swift in Sources */ = {isa = PBXBuildFile; fileRef = E2DB1EB92854E2770057432A /* ApplicationFlowCoordinator.swift */; };
		E2DB1EBC2854E2920057432A /* FlowCoordinator.swift in Sources */ = {isa = PBXBuildFile; fileRef = E2DB1EBB2854E2920057432A /* FlowCoordinator.swift */; };
		E2DB1EBE2854E4090057432A /* ApplicationComponentFactory.swift in Sources */ = {isa = PBXBuildFile; fileRef = E2DB1EBD2854E4090057432A /* ApplicationComponentFactory.swift */; };
		E2DB1EC42854E4C90057432A /* ExercisesFlowCoordinator.swift in Sources */ = {isa = PBXBuildFile; fileRef = E2DB1EC32854E4C90057432A /* ExercisesFlowCoordinator.swift */; };
		E2DB1EC62854E5200057432A /* ExercisesFlowCoordinatorDependencyProvider.swift in Sources */ = {isa = PBXBuildFile; fileRef = E2DB1EC52854E5200057432A /* ExercisesFlowCoordinatorDependencyProvider.swift */; };
		E2DB1EC82854E7DF0057432A /* Exercises.swift in Sources */ = {isa = PBXBuildFile; fileRef = E2DB1EC72854E7DF0057432A /* Exercises.swift */; };
		E2DB1ECA2854E8E30057432A /* Exercises+Resource.swift in Sources */ = {isa = PBXBuildFile; fileRef = E2DB1EC92854E8E30057432A /* Exercises+Resource.swift */; };
		E2DB1ECC2854E9370057432A /* APIConstants.swift in Sources */ = {isa = PBXBuildFile; fileRef = E2DB1ECB2854E9370057432A /* APIConstants.swift */; };
		E2DB1ECE2854EF090057432A /* ExercisesTableViewController.swift in Sources */ = {isa = PBXBuildFile; fileRef = E2DB1ECD2854EF090057432A /* ExercisesTableViewController.swift */; };
		E2DB1ED02854EF150057432A /* ExercisesViewModel.swift in Sources */ = {isa = PBXBuildFile; fileRef = E2DB1ECF2854EF150057432A /* ExercisesViewModel.swift */; };
		E2DB1ED32854F02E0057432A /* ExerciseTableViewCell.swift in Sources */ = {isa = PBXBuildFile; fileRef = E2DB1ED22854F02E0057432A /* ExerciseTableViewCell.swift */; };
		E2DB1ED52854F0970057432A /* UIView+Extension.swift in Sources */ = {isa = PBXBuildFile; fileRef = E2DB1ED42854F0970057432A /* UIView+Extension.swift */; };
		E2DB1ED62854F14A0057432A /* Reusable.swift in Sources */ = {isa = PBXBuildFile; fileRef = E2DB1EB52854E0A60057432A /* Reusable.swift */; };
		E2DB1ED72854F14C0057432A /* UITableView+Reusable.swift in Sources */ = {isa = PBXBuildFile; fileRef = E2DB1EB42854E0A60057432A /* UITableView+Reusable.swift */; };
		E2DB1EDD2854F3210057432A /* ImageLoaderService.swift in Sources */ = {isa = PBXBuildFile; fileRef = E2DB1EDA2854F3210057432A /* ImageLoaderService.swift */; };
		E2DB1EDE2854F3210057432A /* ImageLoaderServiceType.swift in Sources */ = {isa = PBXBuildFile; fileRef = E2DB1EDB2854F3210057432A /* ImageLoaderServiceType.swift */; };
		E2DB1EE22854F80C0057432A /* ExerciseViewModel.swift in Sources */ = {isa = PBXBuildFile; fileRef = E2DB1EE12854F80C0057432A /* ExerciseViewModel.swift */; };
		E2DB1EE62855022E0057432A /* Scheduler.swift in Sources */ = {isa = PBXBuildFile; fileRef = E2DB1EE52855022E0057432A /* Scheduler.swift */; };
		E2DB1EEC28562E720057432A /* ExerciseInfoTableViewController.swift in Sources */ = {isa = PBXBuildFile; fileRef = E2DB1EEB28562E720057432A /* ExerciseInfoTableViewController.swift */; };
		E2DB1EEE28562E7D0057432A /* ExerciseInfoViewModel.swift in Sources */ = {isa = PBXBuildFile; fileRef = E2DB1EED28562E7D0057432A /* ExerciseInfoViewModel.swift */; };
		E2DB1EF028562E870057432A /* ExerciseInfo.swift in Sources */ = {isa = PBXBuildFile; fileRef = E2DB1EEF28562E870057432A /* ExerciseInfo.swift */; };
		E2DB1EF228562F810057432A /* ExerciseInfoNameTableViewCell.swift in Sources */ = {isa = PBXBuildFile; fileRef = E2DB1EF128562F810057432A /* ExerciseInfoNameTableViewCell.swift */; };
		E2DB1EF428562FF30057432A /* ExerciseInfoImagesTableViewCell.swift in Sources */ = {isa = PBXBuildFile; fileRef = E2DB1EF328562FF30057432A /* ExerciseInfoImagesTableViewCell.swift */; };
		E2DB1EF72856316D0057432A /* ExerciseInfoImageCollectionViewCell.swift in Sources */ = {isa = PBXBuildFile; fileRef = E2DB1EF62856316D0057432A /* ExerciseInfoImageCollectionViewCell.swift */; };
		E2DB1EFB285632150057432A /* UICollectionView+Reusable.swift in Sources */ = {isa = PBXBuildFile; fileRef = E2DB1EFA285632150057432A /* UICollectionView+Reusable.swift */; };
		E2FC13822858DAFA00DBB16E /* ExercisesTests.swift in Sources */ = {isa = PBXBuildFile; fileRef = E21182FC2858D785006271EF /* ExercisesTests.swift */; };
		E2FC13852858DB7B00DBB16E /* ExercisesViewModelTests.swift in Sources */ = {isa = PBXBuildFile; fileRef = E2FC13842858DB7B00DBB16E /* ExercisesViewModelTests.swift */; };
		E2FC13872858DFFD00DBB16E /* Extensions.swift in Sources */ = {isa = PBXBuildFile; fileRef = E2FC13862858DFFD00DBB16E /* Extensions.swift */; };
		E2FC13892858E43F00DBB16E /* ExerciseInfoViewModelTests.swift in Sources */ = {isa = PBXBuildFile; fileRef = E2FC13882858E43F00DBB16E /* ExerciseInfoViewModelTests.swift */; };
/* End PBXBuildFile section */

/* Begin PBXContainerItemProxy section */
		E21182F52858D650006271EF /* PBXContainerItemProxy */ = {
			isa = PBXContainerItemProxy;
			containerPortal = E2DB1E7C2854DB8B0057432A /* Project object */;
			proxyType = 1;
			remoteGlobalIDString = E2DB1E832854DB8B0057432A;
			remoteInfo = "Gymondo-Assestment";
		};
/* End PBXContainerItemProxy section */

/* Begin PBXFileReference section */
		E21182F12858D650006271EF /* Gymondo-AssestmentTests.xctest */ = {isa = PBXFileReference; explicitFileType = wrapper.cfbundle; includeInIndex = 0; path = "Gymondo-AssestmentTests.xctest"; sourceTree = BUILT_PRODUCTS_DIR; };
		E21182FC2858D785006271EF /* ExercisesTests.swift */ = {isa = PBXFileReference; lastKnownFileType = sourcecode.swift; path = ExercisesTests.swift; sourceTree = "<group>"; };
		E21182FE2858D78D006271EF /* ExerciseInfoTests.swift */ = {isa = PBXFileReference; lastKnownFileType = sourcecode.swift; path = ExerciseInfoTests.swift; sourceTree = "<group>"; };
		E2CBF9A02856351600157536 /* ExerciseInfo+Resource.swift */ = {isa = PBXFileReference; lastKnownFileType = sourcecode.swift; path = "ExerciseInfo+Resource.swift"; sourceTree = "<group>"; };
		E2CBF9A2285636FF00157536 /* InfoViewModel.swift */ = {isa = PBXFileReference; lastKnownFileType = sourcecode.swift; path = InfoViewModel.swift; sourceTree = "<group>"; };
		E2CBF9A428564D8000157536 /* ExerciseInfoVariationsTableViewCell.swift */ = {isa = PBXFileReference; lastKnownFileType = sourcecode.swift; path = ExerciseInfoVariationsTableViewCell.swift; sourceTree = "<group>"; };
		E2CBF9A628565AE400157536 /* ExerciseInfoTextCollectionViewCell.swift */ = {isa = PBXFileReference; lastKnownFileType = sourcecode.swift; path = ExerciseInfoTextCollectionViewCell.swift; sourceTree = "<group>"; };
		E2CE012E28578630003C626E /* ExerciseInfoFlowCoordinator.swift */ = {isa = PBXFileReference; lastKnownFileType = sourcecode.swift; path = ExerciseInfoFlowCoordinator.swift; sourceTree = "<group>"; };
		E2CE013028578693003C626E /* ExerciseInfloFlowCoordinatorDependencyProvider.swift */ = {isa = PBXFileReference; lastKnownFileType = sourcecode.swift; path = ExerciseInfloFlowCoordinatorDependencyProvider.swift; sourceTree = "<group>"; };
		E2CE01372857B20B003C626E /* ImageCache.swift */ = {isa = PBXFileReference; fileEncoding = 4; lastKnownFileType = sourcecode.swift; path = ImageCache.swift; sourceTree = "<group>"; };
		E2DB1E842854DB8B0057432A /* Gymondo-Assestment.app */ = {isa = PBXFileReference; explicitFileType = wrapper.application; includeInIndex = 0; path = "Gymondo-Assestment.app"; sourceTree = BUILT_PRODUCTS_DIR; };
		E2DB1E872854DB8B0057432A /* AppDelegate.swift */ = {isa = PBXFileReference; lastKnownFileType = sourcecode.swift; path = AppDelegate.swift; sourceTree = "<group>"; };
		E2DB1E892854DB8B0057432A /* SceneDelegate.swift */ = {isa = PBXFileReference; lastKnownFileType = sourcecode.swift; path = SceneDelegate.swift; sourceTree = "<group>"; };
		E2DB1E902854DB8C0057432A /* Assets.xcassets */ = {isa = PBXFileReference; lastKnownFileType = folder.assetcatalog; path = Assets.xcassets; sourceTree = "<group>"; };
		E2DB1E932854DB8C0057432A /* Base */ = {isa = PBXFileReference; lastKnownFileType = file.storyboard; name = Base; path = Base.lproj/LaunchScreen.storyboard; sourceTree = "<group>"; };
		E2DB1E952854DB8C0057432A /* Info.plist */ = {isa = PBXFileReference; lastKnownFileType = text.plist.xml; path = Info.plist; sourceTree = "<group>"; };
		E2DB1E9F2854DD1A0057432A /* NetworkServiceType.swift */ = {isa = PBXFileReference; fileEncoding = 4; lastKnownFileType = sourcecode.swift; path = NetworkServiceType.swift; sourceTree = "<group>"; };
		E2DB1EA02854DD1A0057432A /* NetworkService.swift */ = {isa = PBXFileReference; fileEncoding = 4; lastKnownFileType = sourcecode.swift; path = NetworkService.swift; sourceTree = "<group>"; };
		E2DB1EA12854DD1A0057432A /* Resource.swift */ = {isa = PBXFileReference; fileEncoding = 4; lastKnownFileType = sourcecode.swift; path = Resource.swift; sourceTree = "<group>"; };
		E2DB1EA52854DF0B0057432A /* Publisher+Extension.swift */ = {isa = PBXFileReference; lastKnownFileType = sourcecode.swift; path = "Publisher+Extension.swift"; sourceTree = "<group>"; };
		E2DB1EA92854DF8A0057432A /* ViewCode.swift */ = {isa = PBXFileReference; lastKnownFileType = sourcecode.swift; path = ViewCode.swift; sourceTree = "<group>"; };
		E2DB1EB42854E0A60057432A /* UITableView+Reusable.swift */ = {isa = PBXFileReference; lastKnownFileType = sourcecode.swift; path = "UITableView+Reusable.swift"; sourceTree = "<group>"; };
		E2DB1EB52854E0A60057432A /* Reusable.swift */ = {isa = PBXFileReference; lastKnownFileType = sourcecode.swift; path = Reusable.swift; sourceTree = "<group>"; };
		E2DB1EB92854E2770057432A /* ApplicationFlowCoordinator.swift */ = {isa = PBXFileReference; lastKnownFileType = sourcecode.swift; path = ApplicationFlowCoordinator.swift; sourceTree = "<group>"; };
		E2DB1EBB2854E2920057432A /* FlowCoordinator.swift */ = {isa = PBXFileReference; lastKnownFileType = sourcecode.swift; path = FlowCoordinator.swift; sourceTree = "<group>"; };
		E2DB1EBD2854E4090057432A /* ApplicationComponentFactory.swift */ = {isa = PBXFileReference; lastKnownFileType = sourcecode.swift; path = ApplicationComponentFactory.swift; sourceTree = "<group>"; };
		E2DB1EC32854E4C90057432A /* ExercisesFlowCoordinator.swift */ = {isa = PBXFileReference; lastKnownFileType = sourcecode.swift; path = ExercisesFlowCoordinator.swift; sourceTree = "<group>"; };
		E2DB1EC52854E5200057432A /* ExercisesFlowCoordinatorDependencyProvider.swift */ = {isa = PBXFileReference; lastKnownFileType = sourcecode.swift; path = ExercisesFlowCoordinatorDependencyProvider.swift; sourceTree = "<group>"; };
		E2DB1EC72854E7DF0057432A /* Exercises.swift */ = {isa = PBXFileReference; lastKnownFileType = sourcecode.swift; path = Exercises.swift; sourceTree = "<group>"; };
		E2DB1EC92854E8E30057432A /* Exercises+Resource.swift */ = {isa = PBXFileReference; lastKnownFileType = sourcecode.swift; path = "Exercises+Resource.swift"; sourceTree = "<group>"; };
		E2DB1ECB2854E9370057432A /* APIConstants.swift */ = {isa = PBXFileReference; lastKnownFileType = sourcecode.swift; path = APIConstants.swift; sourceTree = "<group>"; };
		E2DB1ECD2854EF090057432A /* ExercisesTableViewController.swift */ = {isa = PBXFileReference; lastKnownFileType = sourcecode.swift; path = ExercisesTableViewController.swift; sourceTree = "<group>"; };
		E2DB1ECF2854EF150057432A /* ExercisesViewModel.swift */ = {isa = PBXFileReference; lastKnownFileType = sourcecode.swift; path = ExercisesViewModel.swift; sourceTree = "<group>"; };
		E2DB1ED22854F02E0057432A /* ExerciseTableViewCell.swift */ = {isa = PBXFileReference; lastKnownFileType = sourcecode.swift; path = ExerciseTableViewCell.swift; sourceTree = "<group>"; };
		E2DB1ED42854F0970057432A /* UIView+Extension.swift */ = {isa = PBXFileReference; lastKnownFileType = sourcecode.swift; path = "UIView+Extension.swift"; sourceTree = "<group>"; };
		E2DB1EDA2854F3210057432A /* ImageLoaderService.swift */ = {isa = PBXFileReference; fileEncoding = 4; lastKnownFileType = sourcecode.swift; path = ImageLoaderService.swift; sourceTree = "<group>"; };
		E2DB1EDB2854F3210057432A /* ImageLoaderServiceType.swift */ = {isa = PBXFileReference; fileEncoding = 4; lastKnownFileType = sourcecode.swift; path = ImageLoaderServiceType.swift; sourceTree = "<group>"; };
		E2DB1EE12854F80C0057432A /* ExerciseViewModel.swift */ = {isa = PBXFileReference; lastKnownFileType = sourcecode.swift; path = ExerciseViewModel.swift; sourceTree = "<group>"; };
		E2DB1EE52855022E0057432A /* Scheduler.swift */ = {isa = PBXFileReference; lastKnownFileType = sourcecode.swift; path = Scheduler.swift; sourceTree = "<group>"; };
		E2DB1EEB28562E720057432A /* ExerciseInfoTableViewController.swift */ = {isa = PBXFileReference; lastKnownFileType = sourcecode.swift; path = ExerciseInfoTableViewController.swift; sourceTree = "<group>"; };
		E2DB1EED28562E7D0057432A /* ExerciseInfoViewModel.swift */ = {isa = PBXFileReference; lastKnownFileType = sourcecode.swift; path = ExerciseInfoViewModel.swift; sourceTree = "<group>"; };
		E2DB1EEF28562E870057432A /* ExerciseInfo.swift */ = {isa = PBXFileReference; lastKnownFileType = sourcecode.swift; path = ExerciseInfo.swift; sourceTree = "<group>"; };
		E2DB1EF128562F810057432A /* ExerciseInfoNameTableViewCell.swift */ = {isa = PBXFileReference; lastKnownFileType = sourcecode.swift; path = ExerciseInfoNameTableViewCell.swift; sourceTree = "<group>"; };
		E2DB1EF328562FF30057432A /* ExerciseInfoImagesTableViewCell.swift */ = {isa = PBXFileReference; lastKnownFileType = sourcecode.swift; path = ExerciseInfoImagesTableViewCell.swift; sourceTree = "<group>"; };
		E2DB1EF62856316D0057432A /* ExerciseInfoImageCollectionViewCell.swift */ = {isa = PBXFileReference; lastKnownFileType = sourcecode.swift; path = ExerciseInfoImageCollectionViewCell.swift; sourceTree = "<group>"; };
		E2DB1EFA285632150057432A /* UICollectionView+Reusable.swift */ = {isa = PBXFileReference; lastKnownFileType = sourcecode.swift; path = "UICollectionView+Reusable.swift"; sourceTree = "<group>"; };
		E2FC13842858DB7B00DBB16E /* ExercisesViewModelTests.swift */ = {isa = PBXFileReference; lastKnownFileType = sourcecode.swift; path = ExercisesViewModelTests.swift; sourceTree = "<group>"; };
		E2FC13862858DFFD00DBB16E /* Extensions.swift */ = {isa = PBXFileReference; lastKnownFileType = sourcecode.swift; path = Extensions.swift; sourceTree = "<group>"; };
		E2FC13882858E43F00DBB16E /* ExerciseInfoViewModelTests.swift */ = {isa = PBXFileReference; lastKnownFileType = sourcecode.swift; path = ExerciseInfoViewModelTests.swift; sourceTree = "<group>"; };
/* End PBXFileReference section */

/* Begin PBXFrameworksBuildPhase section */
		E21182EE2858D650006271EF /* Frameworks */ = {
			isa = PBXFrameworksBuildPhase;
			buildActionMask = 2147483647;
			files = (
			);
			runOnlyForDeploymentPostprocessing = 0;
		};
		E2DB1E812854DB8B0057432A /* Frameworks */ = {
			isa = PBXFrameworksBuildPhase;
			buildActionMask = 2147483647;
			files = (
			);
			runOnlyForDeploymentPostprocessing = 0;
		};
/* End PBXFrameworksBuildPhase section */

/* Begin PBXGroup section */
		E21182F22858D650006271EF /* Gymondo-AssestmentTests */ = {
			isa = PBXGroup;
			children = (
				E21182FB2858D775006271EF /* ExerciseInfo */,
				E21182FA2858D76F006271EF /* Exercises */,
				E2FC13862858DFFD00DBB16E /* Extensions.swift */,
			);
			path = "Gymondo-AssestmentTests";
			sourceTree = "<group>";
		};
		E21182FA2858D76F006271EF /* Exercises */ = {
			isa = PBXGroup;
			children = (
				E21182FC2858D785006271EF /* ExercisesTests.swift */,
				E2FC13842858DB7B00DBB16E /* ExercisesViewModelTests.swift */,
			);
			path = Exercises;
			sourceTree = "<group>";
		};
		E21182FB2858D775006271EF /* ExerciseInfo */ = {
			isa = PBXGroup;
			children = (
				E21182FE2858D78D006271EF /* ExerciseInfoTests.swift */,
				E2FC13882858E43F00DBB16E /* ExerciseInfoViewModelTests.swift */,
			);
			path = ExerciseInfo;
			sourceTree = "<group>";
		};
		E2CE012D28578625003C626E /* FlowCoordinator */ = {
			isa = PBXGroup;
			children = (
				E2CE012E28578630003C626E /* ExerciseInfoFlowCoordinator.swift */,
				E2CE013028578693003C626E /* ExerciseInfloFlowCoordinatorDependencyProvider.swift */,
			);
			path = FlowCoordinator;
			sourceTree = "<group>";
		};
		E2DB1E7B2854DB8B0057432A = {
			isa = PBXGroup;
			children = (
				E2DB1E862854DB8B0057432A /* Gymondo-Assestment */,
				E21182F22858D650006271EF /* Gymondo-AssestmentTests */,
				E2DB1E852854DB8B0057432A /* Products */,
			);
			sourceTree = "<group>";
		};
		E2DB1E852854DB8B0057432A /* Products */ = {
			isa = PBXGroup;
			children = (
				E2DB1E842854DB8B0057432A /* Gymondo-Assestment.app */,
				E21182F12858D650006271EF /* Gymondo-AssestmentTests.xctest */,
			);
			name = Products;
			sourceTree = "<group>";
		};
		E2DB1E862854DB8B0057432A /* Gymondo-Assestment */ = {
			isa = PBXGroup;
			children = (
				E2DB1EB82854E2670057432A /* AppFlowCoordinators */,
				E2DB1E9D2854DC310057432A /* Libraries */,
				E2DB1E9C2854DC240057432A /* Modules */,
				E2DB1E9B2854DC1C0057432A /* Supporting Files */,
			);
			path = "Gymondo-Assestment";
			sourceTree = "<group>";
		};
		E2DB1E9B2854DC1C0057432A /* Supporting Files */ = {
			isa = PBXGroup;
			children = (
				E2DB1E872854DB8B0057432A /* AppDelegate.swift */,
				E2DB1E892854DB8B0057432A /* SceneDelegate.swift */,
				E2DB1E902854DB8C0057432A /* Assets.xcassets */,
				E2DB1E922854DB8C0057432A /* LaunchScreen.storyboard */,
				E2DB1E952854DB8C0057432A /* Info.plist */,
				E2DB1ECB2854E9370057432A /* APIConstants.swift */,
			);
			path = "Supporting Files";
			sourceTree = "<group>";
		};
		E2DB1E9C2854DC240057432A /* Modules */ = {
			isa = PBXGroup;
			children = (
				E2DB1EB72854E1A90057432A /* ExerciseInfo */,
				E2DB1EB62854E1A10057432A /* Exercises */,
			);
			path = Modules;
			sourceTree = "<group>";
		};
		E2DB1E9D2854DC310057432A /* Libraries */ = {
			isa = PBXGroup;
			children = (
				E2DB1EA82854DF6B0057432A /* Protocols */,
				E2DB1EA72854DF640057432A /* Extensions */,
				E2DB1E9E2854DD1A0057432A /* Network */,
			);
			path = Libraries;
			sourceTree = "<group>";
		};
		E2DB1E9E2854DD1A0057432A /* Network */ = {
			isa = PBXGroup;
			children = (
				E2DB1ED82854F3210057432A /* ImageLoader */,
				E2DB1E9F2854DD1A0057432A /* NetworkServiceType.swift */,
				E2DB1EA02854DD1A0057432A /* NetworkService.swift */,
				E2DB1EA12854DD1A0057432A /* Resource.swift */,
				E2DB1EE52855022E0057432A /* Scheduler.swift */,
			);
			name = Network;
			path = "../../../picnic-ios-erfanandesta1373/Gif/Sources/Services/Network";
			sourceTree = "<group>";
		};
		E2DB1EA72854DF640057432A /* Extensions */ = {
			isa = PBXGroup;
			children = (
				E2DB1EA52854DF0B0057432A /* Publisher+Extension.swift */,
				E2DB1ED42854F0970057432A /* UIView+Extension.swift */,
			);
			path = Extensions;
			sourceTree = "<group>";
		};
		E2DB1EA82854DF6B0057432A /* Protocols */ = {
			isa = PBXGroup;
			children = (
				E2DB1EB32854E0A10057432A /* Reusable */,
				E2DB1EA92854DF8A0057432A /* ViewCode.swift */,
			);
			path = Protocols;
			sourceTree = "<group>";
		};
		E2DB1EB32854E0A10057432A /* Reusable */ = {
			isa = PBXGroup;
			children = (
				E2DB1EB52854E0A60057432A /* Reusable.swift */,
				E2DB1EFA285632150057432A /* UICollectionView+Reusable.swift */,
				E2DB1EB42854E0A60057432A /* UITableView+Reusable.swift */,
			);
			path = Reusable;
			sourceTree = "<group>";
		};
		E2DB1EB62854E1A10057432A /* Exercises */ = {
			isa = PBXGroup;
			children = (
				E2DB1ED12854F01E0057432A /* Cells */,
				E2DB1EC22854E4BB0057432A /* FlowCoordinator */,
				E2DB1EC12854E4800057432A /* ViewModels */,
				E2DB1EC02854E47C0057432A /* Models */,
				E2DB1EBF2854E4740057432A /* ViewControllers */,
			);
			path = Exercises;
			sourceTree = "<group>";
		};
		E2DB1EB72854E1A90057432A /* ExerciseInfo */ = {
			isa = PBXGroup;
			children = (
				E2CE012D28578625003C626E /* FlowCoordinator */,
				E2DB1EEA28562E5E0057432A /* ViewControllers */,
				E2DB1EE928562E590057432A /* Models */,
				E2DB1EE828562E530057432A /* ViewModels */,
				E2DB1EE728562E4F0057432A /* Cells */,
			);
			path = ExerciseInfo;
			sourceTree = "<group>";
		};
		E2DB1EB82854E2670057432A /* AppFlowCoordinators */ = {
			isa = PBXGroup;
			children = (
				E2DB1EB92854E2770057432A /* ApplicationFlowCoordinator.swift */,
				E2DB1EBB2854E2920057432A /* FlowCoordinator.swift */,
				E2DB1EBD2854E4090057432A /* ApplicationComponentFactory.swift */,
			);
			path = AppFlowCoordinators;
			sourceTree = "<group>";
		};
		E2DB1EBF2854E4740057432A /* ViewControllers */ = {
			isa = PBXGroup;
			children = (
				E2DB1ECD2854EF090057432A /* ExercisesTableViewController.swift */,
			);
			path = ViewControllers;
			sourceTree = "<group>";
		};
		E2DB1EC02854E47C0057432A /* Models */ = {
			isa = PBXGroup;
			children = (
				E2DB1EC72854E7DF0057432A /* Exercises.swift */,
				E2DB1EC92854E8E30057432A /* Exercises+Resource.swift */,
				E2DB1EE12854F80C0057432A /* ExerciseViewModel.swift */,
			);
			path = Models;
			sourceTree = "<group>";
		};
		E2DB1EC12854E4800057432A /* ViewModels */ = {
			isa = PBXGroup;
			children = (
				E2DB1ECF2854EF150057432A /* ExercisesViewModel.swift */,
			);
			path = ViewModels;
			sourceTree = "<group>";
		};
		E2DB1EC22854E4BB0057432A /* FlowCoordinator */ = {
			isa = PBXGroup;
			children = (
				E2DB1EC32854E4C90057432A /* ExercisesFlowCoordinator.swift */,
				E2DB1EC52854E5200057432A /* ExercisesFlowCoordinatorDependencyProvider.swift */,
			);
			path = FlowCoordinator;
			sourceTree = "<group>";
		};
		E2DB1ED12854F01E0057432A /* Cells */ = {
			isa = PBXGroup;
			children = (
				E2DB1ED22854F02E0057432A /* ExerciseTableViewCell.swift */,
			);
			path = Cells;
			sourceTree = "<group>";
		};
		E2DB1ED82854F3210057432A /* ImageLoader */ = {
			isa = PBXGroup;
			children = (
				E2CE01372857B20B003C626E /* ImageCache.swift */,
				E2DB1EDA2854F3210057432A /* ImageLoaderService.swift */,
				E2DB1EDB2854F3210057432A /* ImageLoaderServiceType.swift */,
			);
			name = ImageLoader;
			path = ../../../../../TMDB/TMDB/Sources/Services/ImageLoader;
			sourceTree = "<group>";
		};
		E2DB1EE728562E4F0057432A /* Cells */ = {
			isa = PBXGroup;
			children = (
				E2DB1EF52856311D0057432A /* collectionView */,
				E2CBF9A428564D8000157536 /* ExerciseInfoVariationsTableViewCell.swift */,
				E2DB1EF128562F810057432A /* ExerciseInfoNameTableViewCell.swift */,
				E2DB1EF328562FF30057432A /* ExerciseInfoImagesTableViewCell.swift */,
			);
			path = Cells;
			sourceTree = "<group>";
		};
		E2DB1EE828562E530057432A /* ViewModels */ = {
			isa = PBXGroup;
			children = (
				E2DB1EED28562E7D0057432A /* ExerciseInfoViewModel.swift */,
			);
			path = ViewModels;
			sourceTree = "<group>";
		};
		E2DB1EE928562E590057432A /* Models */ = {
			isa = PBXGroup;
			children = (
				E2DB1EEF28562E870057432A /* ExerciseInfo.swift */,
				E2CBF9A02856351600157536 /* ExerciseInfo+Resource.swift */,
				E2CBF9A2285636FF00157536 /* InfoViewModel.swift */,
			);
			path = Models;
			sourceTree = "<group>";
		};
		E2DB1EEA28562E5E0057432A /* ViewControllers */ = {
			isa = PBXGroup;
			children = (
				E2DB1EEB28562E720057432A /* ExerciseInfoTableViewController.swift */,
			);
			path = ViewControllers;
			sourceTree = "<group>";
		};
		E2DB1EF52856311D0057432A /* collectionView */ = {
			isa = PBXGroup;
			children = (
				E2DB1EF62856316D0057432A /* ExerciseInfoImageCollectionViewCell.swift */,
				E2CBF9A628565AE400157536 /* ExerciseInfoTextCollectionViewCell.swift */,
			);
			path = collectionView;
			sourceTree = "<group>";
		};
/* End PBXGroup section */

/* Begin PBXNativeTarget section */
		E21182F02858D650006271EF /* Gymondo-AssestmentTests */ = {
			isa = PBXNativeTarget;
			buildConfigurationList = E21182F92858D650006271EF /* Build configuration list for PBXNativeTarget "Gymondo-AssestmentTests" */;
			buildPhases = (
				E21182ED2858D650006271EF /* Sources */,
				E21182EE2858D650006271EF /* Frameworks */,
				E21182EF2858D650006271EF /* Resources */,
			);
			buildRules = (
			);
			dependencies = (
				E21182F62858D650006271EF /* PBXTargetDependency */,
			);
			name = "Gymondo-AssestmentTests";
			productName = "Gymondo-AssestmentTests";
			productReference = E21182F12858D650006271EF /* Gymondo-AssestmentTests.xctest */;
			productType = "com.apple.product-type.bundle.unit-test";
		};
		E2DB1E832854DB8B0057432A /* Gymondo-Assestment */ = {
			isa = PBXNativeTarget;
			buildConfigurationList = E2DB1E982854DB8C0057432A /* Build configuration list for PBXNativeTarget "Gymondo-Assestment" */;
			buildPhases = (
				E2DB1E802854DB8B0057432A /* Sources */,
				E2DB1E812854DB8B0057432A /* Frameworks */,
				E2DB1E822854DB8B0057432A /* Resources */,
			);
			buildRules = (
			);
			dependencies = (
			);
			name = "Gymondo-Assestment";
			packageProductDependencies = (
			);
			productName = "Gymondo-Assestment";
			productReference = E2DB1E842854DB8B0057432A /* Gymondo-Assestment.app */;
			productType = "com.apple.product-type.application";
		};
/* End PBXNativeTarget section */

/* Begin PBXProject section */
		E2DB1E7C2854DB8B0057432A /* Project object */ = {
			isa = PBXProject;
			attributes = {
				BuildIndependentTargetsInParallel = 1;
				LastSwiftUpdateCheck = 1340;
				LastUpgradeCheck = 1340;
				TargetAttributes = {
					E21182F02858D650006271EF = {
						CreatedOnToolsVersion = 13.4;
						TestTargetID = E2DB1E832854DB8B0057432A;
					};
					E2DB1E832854DB8B0057432A = {
						CreatedOnToolsVersion = 13.4;
					};
				};
			};
			buildConfigurationList = E2DB1E7F2854DB8B0057432A /* Build configuration list for PBXProject "Gymondo-Assestment" */;
			compatibilityVersion = "Xcode 13.0";
			developmentRegion = en;
			hasScannedForEncodings = 0;
			knownRegions = (
				en,
				Base,
			);
			mainGroup = E2DB1E7B2854DB8B0057432A;
			packageReferences = (
			);
			productRefGroup = E2DB1E852854DB8B0057432A /* Products */;
			projectDirPath = "";
			projectRoot = "";
			targets = (
				E2DB1E832854DB8B0057432A /* Gymondo-Assestment */,
				E21182F02858D650006271EF /* Gymondo-AssestmentTests */,
			);
		};
/* End PBXProject section */

/* Begin PBXResourcesBuildPhase section */
		E21182EF2858D650006271EF /* Resources */ = {
			isa = PBXResourcesBuildPhase;
			buildActionMask = 2147483647;
			files = (
			);
			runOnlyForDeploymentPostprocessing = 0;
		};
		E2DB1E822854DB8B0057432A /* Resources */ = {
			isa = PBXResourcesBuildPhase;
			buildActionMask = 2147483647;
			files = (
				E2DB1E942854DB8C0057432A /* LaunchScreen.storyboard in Resources */,
				E2DB1E912854DB8C0057432A /* Assets.xcassets in Resources */,
			);
			runOnlyForDeploymentPostprocessing = 0;
		};
/* End PBXResourcesBuildPhase section */

/* Begin PBXSourcesBuildPhase section */
		E21182ED2858D650006271EF /* Sources */ = {
			isa = PBXSourcesBuildPhase;
			buildActionMask = 2147483647;
			files = (
				E21182FF2858D78D006271EF /* ExerciseInfoTests.swift in Sources */,
				E2FC13852858DB7B00DBB16E /* ExercisesViewModelTests.swift in Sources */,
				E2FC13822858DAFA00DBB16E /* ExercisesTests.swift in Sources */,
				E2FC13892858E43F00DBB16E /* ExerciseInfoViewModelTests.swift in Sources */,
				E2FC13872858DFFD00DBB16E /* Extensions.swift in Sources */,
			);
			runOnlyForDeploymentPostprocessing = 0;
		};
		E2DB1E802854DB8B0057432A /* Sources */ = {
			isa = PBXSourcesBuildPhase;
			buildActionMask = 2147483647;
			files = (
				E2DB1EA22854DD1A0057432A /* NetworkServiceType.swift in Sources */,
				E2CBF9A728565AE400157536 /* ExerciseInfoTextCollectionViewCell.swift in Sources */,
				E2DB1EE22854F80C0057432A /* ExerciseViewModel.swift in Sources */,
				E2CBF9A3285636FF00157536 /* InfoViewModel.swift in Sources */,
				E2DB1E882854DB8B0057432A /* AppDelegate.swift in Sources */,
				E2DB1EEC28562E720057432A /* ExerciseInfoTableViewController.swift in Sources */,
				E2DB1EA32854DD1A0057432A /* NetworkService.swift in Sources */,
				E2DB1EF028562E870057432A /* ExerciseInfo.swift in Sources */,
				E2DB1EDE2854F3210057432A /* ImageLoaderServiceType.swift in Sources */,
				E2DB1EEE28562E7D0057432A /* ExerciseInfoViewModel.swift in Sources */,
				E2CE01382857B20B003C626E /* ImageCache.swift in Sources */,
				E2DB1EF72856316D0057432A /* ExerciseInfoImageCollectionViewCell.swift in Sources */,
				E2DB1EAA2854DF8A0057432A /* ViewCode.swift in Sources */,
				E2CBF9A528564D8000157536 /* ExerciseInfoVariationsTableViewCell.swift in Sources */,
				E2DB1ED62854F14A0057432A /* Reusable.swift in Sources */,
				E2DB1EA42854DD1A0057432A /* Resource.swift in Sources */,
				E2DB1EC42854E4C90057432A /* ExercisesFlowCoordinator.swift in Sources */,
				E2DB1EA62854DF0B0057432A /* Publisher+Extension.swift in Sources */,
				E2DB1EBA2854E2770057432A /* ApplicationFlowCoordinator.swift in Sources */,
				E2DB1EBE2854E4090057432A /* ApplicationComponentFactory.swift in Sources */,
				E2DB1E8A2854DB8B0057432A /* SceneDelegate.swift in Sources */,
				E2DB1EDD2854F3210057432A /* ImageLoaderService.swift in Sources */,
				E2DB1ED02854EF150057432A /* ExercisesViewModel.swift in Sources */,
				E2DB1EBC2854E2920057432A /* FlowCoordinator.swift in Sources */,
				E2DB1ED72854F14C0057432A /* UITableView+Reusable.swift in Sources */,
				E2DB1EE62855022E0057432A /* Scheduler.swift in Sources */,
				E2DB1ED52854F0970057432A /* UIView+Extension.swift in Sources */,
				E2DB1ECE2854EF090057432A /* ExercisesTableViewController.swift in Sources */,
				E2DB1EFB285632150057432A /* UICollectionView+Reusable.swift in Sources */,
				E2DB1EF228562F810057432A /* ExerciseInfoNameTableViewCell.swift in Sources */,
				E2CE012F28578630003C626E /* ExerciseInfoFlowCoordinator.swift in Sources */,
				E2DB1ECC2854E9370057432A /* APIConstants.swift in Sources */,
				E2DB1EC62854E5200057432A /* ExercisesFlowCoordinatorDependencyProvider.swift in Sources */,
				E2DB1ED32854F02E0057432A /* ExerciseTableViewCell.swift in Sources */,
				E2DB1EF428562FF30057432A /* ExerciseInfoImagesTableViewCell.swift in Sources */,
				E2DB1EC82854E7DF0057432A /* Exercises.swift in Sources */,
				E2CE013128578693003C626E /* ExerciseInfloFlowCoordinatorDependencyProvider.swift in Sources */,
				E2DB1ECA2854E8E30057432A /* Exercises+Resource.swift in Sources */,
				E2CBF9A12856351600157536 /* ExerciseInfo+Resource.swift in Sources */,
			);
			runOnlyForDeploymentPostprocessing = 0;
		};
/* End PBXSourcesBuildPhase section */

/* Begin PBXTargetDependency section */
		E21182F62858D650006271EF /* PBXTargetDependency */ = {
			isa = PBXTargetDependency;
			target = E2DB1E832854DB8B0057432A /* Gymondo-Assestment */;
			targetProxy = E21182F52858D650006271EF /* PBXContainerItemProxy */;
		};
/* End PBXTargetDependency section */

/* Begin PBXVariantGroup section */
		E2DB1E922854DB8C0057432A /* LaunchScreen.storyboard */ = {
			isa = PBXVariantGroup;
			children = (
				E2DB1E932854DB8C0057432A /* Base */,
			);
			name = LaunchScreen.storyboard;
			sourceTree = "<group>";
		};
/* End PBXVariantGroup section */

/* Begin XCBuildConfiguration section */
		E21182F72858D650006271EF /* Debug */ = {
			isa = XCBuildConfiguration;
			buildSettings = {
				BUNDLE_LOADER = "$(TEST_HOST)";
				CODE_SIGN_STYLE = Automatic;
				CURRENT_PROJECT_VERSION = 1;
				DEVELOPMENT_TEAM = 54HDDP27D9;
				GENERATE_INFOPLIST_FILE = YES;
				IPHONEOS_DEPLOYMENT_TARGET = 15.5;
				MARKETING_VERSION = 1.0;
				PRODUCT_BUNDLE_IDENTIFIER = "com.erfan.Gymondo-AssestmentTests";
				PRODUCT_NAME = "$(TARGET_NAME)";
				SWIFT_EMIT_LOC_STRINGS = NO;
				SWIFT_VERSION = 5.0;
				TARGETED_DEVICE_FAMILY = "1,2";
				TEST_HOST = "$(BUILT_PRODUCTS_DIR)/Gymondo-Assestment.app/Gymondo-Assestment";
			};
			name = Debug;
		};
		E21182F82858D650006271EF /* Release */ = {
			isa = XCBuildConfiguration;
			buildSettings = {
				BUNDLE_LOADER = "$(TEST_HOST)";
				CODE_SIGN_STYLE = Automatic;
				CURRENT_PROJECT_VERSION = 1;
				DEVELOPMENT_TEAM = 54HDDP27D9;
				GENERATE_INFOPLIST_FILE = YES;
				IPHONEOS_DEPLOYMENT_TARGET = 15.5;
				MARKETING_VERSION = 1.0;
				PRODUCT_BUNDLE_IDENTIFIER = "com.erfan.Gymondo-AssestmentTests";
				PRODUCT_NAME = "$(TARGET_NAME)";
				SWIFT_EMIT_LOC_STRINGS = NO;
				SWIFT_VERSION = 5.0;
				TARGETED_DEVICE_FAMILY = "1,2";
				TEST_HOST = "$(BUILT_PRODUCTS_DIR)/Gymondo-Assestment.app/Gymondo-Assestment";
			};
			name = Release;
		};
		E2DB1E962854DB8C0057432A /* Debug */ = {
			isa = XCBuildConfiguration;
			buildSettings = {
				ALWAYS_SEARCH_USER_PATHS = NO;
				CLANG_ANALYZER_NONNULL = YES;
				CLANG_ANALYZER_NUMBER_OBJECT_CONVERSION = YES_AGGRESSIVE;
				CLANG_CXX_LANGUAGE_STANDARD = "gnu++17";
				CLANG_ENABLE_MODULES = YES;
				CLANG_ENABLE_OBJC_ARC = YES;
				CLANG_ENABLE_OBJC_WEAK = YES;
				CLANG_WARN_BLOCK_CAPTURE_AUTORELEASING = YES;
				CLANG_WARN_BOOL_CONVERSION = YES;
				CLANG_WARN_COMMA = YES;
				CLANG_WARN_CONSTANT_CONVERSION = YES;
				CLANG_WARN_DEPRECATED_OBJC_IMPLEMENTATIONS = YES;
				CLANG_WARN_DIRECT_OBJC_ISA_USAGE = YES_ERROR;
				CLANG_WARN_DOCUMENTATION_COMMENTS = YES;
				CLANG_WARN_EMPTY_BODY = YES;
				CLANG_WARN_ENUM_CONVERSION = YES;
				CLANG_WARN_INFINITE_RECURSION = YES;
				CLANG_WARN_INT_CONVERSION = YES;
				CLANG_WARN_NON_LITERAL_NULL_CONVERSION = YES;
				CLANG_WARN_OBJC_IMPLICIT_RETAIN_SELF = YES;
				CLANG_WARN_OBJC_LITERAL_CONVERSION = YES;
				CLANG_WARN_OBJC_ROOT_CLASS = YES_ERROR;
				CLANG_WARN_QUOTED_INCLUDE_IN_FRAMEWORK_HEADER = YES;
				CLANG_WARN_RANGE_LOOP_ANALYSIS = YES;
				CLANG_WARN_STRICT_PROTOTYPES = YES;
				CLANG_WARN_SUSPICIOUS_MOVE = YES;
				CLANG_WARN_UNGUARDED_AVAILABILITY = YES_AGGRESSIVE;
				CLANG_WARN_UNREACHABLE_CODE = YES;
				CLANG_WARN__DUPLICATE_METHOD_MATCH = YES;
				COPY_PHASE_STRIP = NO;
				DEBUG_INFORMATION_FORMAT = dwarf;
				ENABLE_STRICT_OBJC_MSGSEND = YES;
				ENABLE_TESTABILITY = YES;
				GCC_C_LANGUAGE_STANDARD = gnu11;
				GCC_DYNAMIC_NO_PIC = NO;
				GCC_NO_COMMON_BLOCKS = YES;
				GCC_OPTIMIZATION_LEVEL = 0;
				GCC_PREPROCESSOR_DEFINITIONS = (
					"DEBUG=1",
					"$(inherited)",
				);
				GCC_WARN_64_TO_32_BIT_CONVERSION = YES;
				GCC_WARN_ABOUT_RETURN_TYPE = YES_ERROR;
				GCC_WARN_UNDECLARED_SELECTOR = YES;
				GCC_WARN_UNINITIALIZED_AUTOS = YES_AGGRESSIVE;
				GCC_WARN_UNUSED_FUNCTION = YES;
				GCC_WARN_UNUSED_VARIABLE = YES;
				IPHONEOS_DEPLOYMENT_TARGET = 14.0;
				MTL_ENABLE_DEBUG_INFO = INCLUDE_SOURCE;
				MTL_FAST_MATH = YES;
				ONLY_ACTIVE_ARCH = YES;
				SDKROOT = iphoneos;
				SWIFT_ACTIVE_COMPILATION_CONDITIONS = DEBUG;
				SWIFT_OPTIMIZATION_LEVEL = "-Onone";
			};
			name = Debug;
		};
		E2DB1E972854DB8C0057432A /* Release */ = {
			isa = XCBuildConfiguration;
			buildSettings = {
				ALWAYS_SEARCH_USER_PATHS = NO;
				CLANG_ANALYZER_NONNULL = YES;
				CLANG_ANALYZER_NUMBER_OBJECT_CONVERSION = YES_AGGRESSIVE;
				CLANG_CXX_LANGUAGE_STANDARD = "gnu++17";
				CLANG_ENABLE_MODULES = YES;
				CLANG_ENABLE_OBJC_ARC = YES;
				CLANG_ENABLE_OBJC_WEAK = YES;
				CLANG_WARN_BLOCK_CAPTURE_AUTORELEASING = YES;
				CLANG_WARN_BOOL_CONVERSION = YES;
				CLANG_WARN_COMMA = YES;
				CLANG_WARN_CONSTANT_CONVERSION = YES;
				CLANG_WARN_DEPRECATED_OBJC_IMPLEMENTATIONS = YES;
				CLANG_WARN_DIRECT_OBJC_ISA_USAGE = YES_ERROR;
				CLANG_WARN_DOCUMENTATION_COMMENTS = YES;
				CLANG_WARN_EMPTY_BODY = YES;
				CLANG_WARN_ENUM_CONVERSION = YES;
				CLANG_WARN_INFINITE_RECURSION = YES;
				CLANG_WARN_INT_CONVERSION = YES;
				CLANG_WARN_NON_LITERAL_NULL_CONVERSION = YES;
				CLANG_WARN_OBJC_IMPLICIT_RETAIN_SELF = YES;
				CLANG_WARN_OBJC_LITERAL_CONVERSION = YES;
				CLANG_WARN_OBJC_ROOT_CLASS = YES_ERROR;
				CLANG_WARN_QUOTED_INCLUDE_IN_FRAMEWORK_HEADER = YES;
				CLANG_WARN_RANGE_LOOP_ANALYSIS = YES;
				CLANG_WARN_STRICT_PROTOTYPES = YES;
				CLANG_WARN_SUSPICIOUS_MOVE = YES;
				CLANG_WARN_UNGUARDED_AVAILABILITY = YES_AGGRESSIVE;
				CLANG_WARN_UNREACHABLE_CODE = YES;
				CLANG_WARN__DUPLICATE_METHOD_MATCH = YES;
				COPY_PHASE_STRIP = NO;
				DEBUG_INFORMATION_FORMAT = "dwarf-with-dsym";
				ENABLE_NS_ASSERTIONS = NO;
				ENABLE_STRICT_OBJC_MSGSEND = YES;
				GCC_C_LANGUAGE_STANDARD = gnu11;
				GCC_NO_COMMON_BLOCKS = YES;
				GCC_WARN_64_TO_32_BIT_CONVERSION = YES;
				GCC_WARN_ABOUT_RETURN_TYPE = YES_ERROR;
				GCC_WARN_UNDECLARED_SELECTOR = YES;
				GCC_WARN_UNINITIALIZED_AUTOS = YES_AGGRESSIVE;
				GCC_WARN_UNUSED_FUNCTION = YES;
				GCC_WARN_UNUSED_VARIABLE = YES;
				IPHONEOS_DEPLOYMENT_TARGET = 14.0;
				MTL_ENABLE_DEBUG_INFO = NO;
				MTL_FAST_MATH = YES;
				SDKROOT = iphoneos;
				SWIFT_COMPILATION_MODE = wholemodule;
				SWIFT_OPTIMIZATION_LEVEL = "-O";
				VALIDATE_PRODUCT = YES;
			};
			name = Release;
		};
		E2DB1E992854DB8C0057432A /* Debug */ = {
			isa = XCBuildConfiguration;
			buildSettings = {
				ASSETCATALOG_COMPILER_APPICON_NAME = AppIcon;
				ASSETCATALOG_COMPILER_GLOBAL_ACCENT_COLOR_NAME = AccentColor;
				CODE_SIGN_STYLE = Automatic;
				CURRENT_PROJECT_VERSION = 1;
				DEVELOPMENT_TEAM = 54HDDP27D9;
				GENERATE_INFOPLIST_FILE = YES;
				INFOPLIST_FILE = "Gymondo-Assestment/Supporting Files/Info.plist";
				INFOPLIST_KEY_UIApplicationSupportsIndirectInputEvents = YES;
				INFOPLIST_KEY_UILaunchStoryboardName = LaunchScreen;
				INFOPLIST_KEY_UIMainStoryboardFile = "";
				INFOPLIST_KEY_UISupportedInterfaceOrientations_iPad = "UIInterfaceOrientationPortrait UIInterfaceOrientationPortraitUpsideDown UIInterfaceOrientationLandscapeLeft UIInterfaceOrientationLandscapeRight";
				INFOPLIST_KEY_UISupportedInterfaceOrientations_iPhone = "UIInterfaceOrientationPortrait UIInterfaceOrientationLandscapeLeft UIInterfaceOrientationLandscapeRight";
				LD_RUNPATH_SEARCH_PATHS = (
					"$(inherited)",
					"@executable_path/Frameworks",
				);
				MARKETING_VERSION = 1.0;
				PRODUCT_BUNDLE_IDENTIFIER = "com.erfan.Gymondo-Assestment";
				PRODUCT_NAME = "$(TARGET_NAME)";
				SWIFT_EMIT_LOC_STRINGS = YES;
				SWIFT_VERSION = 5.0;
				TARGETED_DEVICE_FAMILY = "1,2";
			};
			name = Debug;
		};
		E2DB1E9A2854DB8C0057432A /* Release */ = {
			isa = XCBuildConfiguration;
			buildSettings = {
				ASSETCATALOG_COMPILER_APPICON_NAME = AppIcon;
				ASSETCATALOG_COMPILER_GLOBAL_ACCENT_COLOR_NAME = AccentColor;
				CODE_SIGN_STYLE = Automatic;
				CURRENT_PROJECT_VERSION = 1;
				DEVELOPMENT_TEAM = 54HDDP27D9;
				GENERATE_INFOPLIST_FILE = YES;
				INFOPLIST_FILE = "Gymondo-Assestment/Supporting Files/Info.plist";
				INFOPLIST_KEY_UIApplicationSupportsIndirectInputEvents = YES;
				INFOPLIST_KEY_UILaunchStoryboardName = LaunchScreen;
				INFOPLIST_KEY_UIMainStoryboardFile = "";
				INFOPLIST_KEY_UISupportedInterfaceOrientations_iPad = "UIInterfaceOrientationPortrait UIInterfaceOrientationPortraitUpsideDown UIInterfaceOrientationLandscapeLeft UIInterfaceOrientationLandscapeRight";
				INFOPLIST_KEY_UISupportedInterfaceOrientations_iPhone = "UIInterfaceOrientationPortrait UIInterfaceOrientationLandscapeLeft UIInterfaceOrientationLandscapeRight";
				LD_RUNPATH_SEARCH_PATHS = (
					"$(inherited)",
					"@executable_path/Frameworks",
				);
				MARKETING_VERSION = 1.0;
				PRODUCT_BUNDLE_IDENTIFIER = "com.erfan.Gymondo-Assestment";
				PRODUCT_NAME = "$(TARGET_NAME)";
				SWIFT_EMIT_LOC_STRINGS = YES;
				SWIFT_VERSION = 5.0;
				TARGETED_DEVICE_FAMILY = "1,2";
			};
			name = Release;
		};
/* End XCBuildConfiguration section */

/* Begin XCConfigurationList section */
		E21182F92858D650006271EF /* Build configuration list for PBXNativeTarget "Gymondo-AssestmentTests" */ = {
			isa = XCConfigurationList;
			buildConfigurations = (
				E21182F72858D650006271EF /* Debug */,
				E21182F82858D650006271EF /* Release */,
			);
			defaultConfigurationIsVisible = 0;
			defaultConfigurationName = Release;
		};
		E2DB1E7F2854DB8B0057432A /* Build configuration list for PBXProject "Gymondo-Assestment" */ = {
			isa = XCConfigurationList;
			buildConfigurations = (
				E2DB1E962854DB8C0057432A /* Debug */,
				E2DB1E972854DB8C0057432A /* Release */,
			);
			defaultConfigurationIsVisible = 0;
			defaultConfigurationName = Release;
		};
		E2DB1E982854DB8C0057432A /* Build configuration list for PBXNativeTarget "Gymondo-Assestment" */ = {
			isa = XCConfigurationList;
			buildConfigurations = (
				E2DB1E992854DB8C0057432A /* Debug */,
				E2DB1E9A2854DB8C0057432A /* Release */,
			);
			defaultConfigurationIsVisible = 0;
			defaultConfigurationName = Release;
		};
/* End XCConfigurationList section */
	};
	rootObject = E2DB1E7C2854DB8B0057432A /* Project object */;
}
